
Microsoft Visual Studio Solution File, Format Version 12.00
# Visual Studio Version 16
VisualStudioVersion = 16.0.28803.352
MinimumVisualStudioVersion = 10.0.40219.1
Project("{9A19103F-16F7-4668-BE54-9A1E7A4F7556}") = "RulerControl.Wpf", "RulerControl.Wpf\RulerControl.Wpf.csproj", "{C5040161-9EDA-446F-B3D1-4BA569FF2908}"
EndProject
Project("{9A19103F-16F7-4668-BE54-9A1E7A4F7556}") = "RulerControl.Test", "RulerControl.Test\RulerControl.Test.csproj", "{14A13605-8CB2-4D4E-B8EC-EF59FA467DB9}"
EndProject
Global
	GlobalSection(SolutionConfigurationPlatforms) = preSolution
		Debug|Any CPU = Debug|Any CPU
		Release|Any CPU = Release|Any CPU
	EndGlobalSection
	GlobalSection(ProjectConfigurationPlatforms) = postSolution
		{C5040161-9EDA-446F-B3D1-4BA569FF2908}.Debug|Any CPU.ActiveCfg = Debug|Any CPU
		{C5040161-9EDA-446F-B3D1-4BA569FF2908}.Debug|Any CPU.Build.0 = Debug|Any CPU
		{C5040161-9EDA-446F-B3D1-4BA569FF2908}.Release|Any CPU.ActiveCfg = Release|Any CPU
		{C5040161-9EDA-446F-B3D1-4BA569FF2908}.Release|Any CPU.Build.0 = Release|Any CPU
		{14A13605-8CB2-4D4E-B8EC-EF59FA467DB9}.Debug|Any CPU.ActiveCfg = Debug|Any CPU
		{14A13605-8CB2-4D4E-B8EC-EF59FA467DB9}.Debug|Any CPU.Build.0 = Debug|Any CPU
		{14A13605-8CB2-4D4E-B8EC-EF59FA467DB9}.Release|Any CPU.ActiveCfg = Release|Any CPU
		{14A13605-8CB2-4D4E-B8EC-EF59FA467DB9}.Release|Any CPU.Build.0 = Release|Any CPU
	EndGlobalSection
	GlobalSection(SolutionProperties) = preSolution
		HideSolutionNode = FALSE
	EndGlobalSection
	GlobalSection(ExtensibilityGlobals) = postSolution
		SolutionGuid = {E1DF9D52-D774-4023-9EE6-14301AC6D79F}
	EndGlobalSection
EndGlobal
